// !$*UTF8*$!
{
	archiveVersion = 1;
	classes = {
	};
	objectVersion = 56;
	objects = {

/* Begin PBXBuildFile section */
		5F81FE64290A1E39006C8B8A /* AppDelegate.swift in Sources */ = {isa = PBXBuildFile; fileRef = 5F81FE63290A1E39006C8B8A /* AppDelegate.swift */; };
		5F81FE66290A1E39006C8B8A /* SceneDelegate.swift in Sources */ = {isa = PBXBuildFile; fileRef = 5F81FE65290A1E39006C8B8A /* SceneDelegate.swift */; };
		5F81FE6B290A1E39006C8B8A /* Main.storyboard in Resources */ = {isa = PBXBuildFile; fileRef = 5F81FE69290A1E39006C8B8A /* Main.storyboard */; };
		5F81FE6D290A1E3C006C8B8A /* Assets.xcassets in Resources */ = {isa = PBXBuildFile; fileRef = 5F81FE6C290A1E3C006C8B8A /* Assets.xcassets */; };
		5F81FE70290A1E3C006C8B8A /* LaunchScreen.storyboard in Resources */ = {isa = PBXBuildFile; fileRef = 5F81FE6E290A1E3C006C8B8A /* LaunchScreen.storyboard */; };
		5F81FE7C290A1F01006C8B8A /* Location.swift in Sources */ = {isa = PBXBuildFile; fileRef = 5F81FE7B290A1F01006C8B8A /* Location.swift */; };
		5F81FE7E290A1FF7006C8B8A /* LocationService.swift in Sources */ = {isa = PBXBuildFile; fileRef = 5F81FE7D290A1FF7006C8B8A /* LocationService.swift */; };
		5F81FE82290A3057006C8B8A /* RideQuote.swift in Sources */ = {isa = PBXBuildFile; fileRef = 5F81FE81290A3057006C8B8A /* RideQuote.swift */; };
		5F81FE84290A30DF006C8B8A /* RideQuoteService.swift in Sources */ = {isa = PBXBuildFile; fileRef = 5F81FE83290A30DF006C8B8A /* RideQuoteService.swift */; };
		5F81FE8E290A5EE3006C8B8A /* HomeViewController.swift in Sources */ = {isa = PBXBuildFile; fileRef = 5F81FE8D290A5EE3006C8B8A /* HomeViewController.swift */; };
		5F81FE90290A661A006C8B8A /* LocationCell.swift in Sources */ = {isa = PBXBuildFile; fileRef = 5F81FE8F290A661A006C8B8A /* LocationCell.swift */; };
		5F81FE91290A6E01006C8B8A /* locations.json in Resources */ = {isa = PBXBuildFile; fileRef = 5F81FE80290A27EC006C8B8A /* locations.json */; };
		5F81FE93290B7461006C8B8A /* VehicleAnnotation.swift in Sources */ = {isa = PBXBuildFile; fileRef = 5F81FE92290B7461006C8B8A /* VehicleAnnotation.swift */; };
		5F81FE95290B8B29006C8B8A /* LocationViewController.swift in Sources */ = {isa = PBXBuildFile; fileRef = 5F81FE94290B8B29006C8B8A /* LocationViewController.swift */; };
		5FCA660F29137990005BBC24 /* RideQuoteCell.swift in Sources */ = {isa = PBXBuildFile; fileRef = 5FCA660E29137990005BBC24 /* RideQuoteCell.swift */; };
		5FCA66112913825A005BBC24 /* RouteViewController.swift in Sources */ = {isa = PBXBuildFile; fileRef = 5FCA66102913825A005BBC24 /* RouteViewController.swift */; };
		5FCA661329139BFA005BBC24 /* LocationAnnotation.swift in Sources */ = {isa = PBXBuildFile; fileRef = 5FCA661229139BFA005BBC24 /* LocationAnnotation.swift */; };
		5FCA661529188B95005BBC24 /* Driver.swift in Sources */ = {isa = PBXBuildFile; fileRef = 5FCA661429188B95005BBC24 /* Driver.swift */; };
		5FCA661729188C00005BBC24 /* DriverService.swift in Sources */ = {isa = PBXBuildFile; fileRef = 5FCA661629188C00005BBC24 /* DriverService.swift */; };
		5FCA66192919F237005BBC24 /* DriverViewController.swift in Sources */ = {isa = PBXBuildFile; fileRef = 5FCA66182919F237005BBC24 /* DriverViewController.swift */; };
/* End PBXBuildFile section */

/* Begin PBXFileReference section */
		5F81FE60290A1E39006C8B8A /* LyftClone.app */ = {isa = PBXFileReference; explicitFileType = wrapper.application; includeInIndex = 0; path = LyftClone.app; sourceTree = BUILT_PRODUCTS_DIR; };
		5F81FE63290A1E39006C8B8A /* AppDelegate.swift */ = {isa = PBXFileReference; lastKnownFileType = sourcecode.swift; path = AppDelegate.swift; sourceTree = "<group>"; };
		5F81FE65290A1E39006C8B8A /* SceneDelegate.swift */ = {isa = PBXFileReference; lastKnownFileType = sourcecode.swift; path = SceneDelegate.swift; sourceTree = "<group>"; };
		5F81FE6A290A1E39006C8B8A /* Base */ = {isa = PBXFileReference; lastKnownFileType = file.storyboard; name = Base; path = Base.lproj/Main.storyboard; sourceTree = "<group>"; };
		5F81FE6C290A1E3C006C8B8A /* Assets.xcassets */ = {isa = PBXFileReference; lastKnownFileType = folder.assetcatalog; path = Assets.xcassets; sourceTree = "<group>"; };
		5F81FE6F290A1E3C006C8B8A /* Base */ = {isa = PBXFileReference; lastKnownFileType = file.storyboard; name = Base; path = Base.lproj/LaunchScreen.storyboard; sourceTree = "<group>"; };
		5F81FE71290A1E3C006C8B8A /* Info.plist */ = {isa = PBXFileReference; lastKnownFileType = text.plist.xml; path = Info.plist; sourceTree = "<group>"; };
		5F81FE7B290A1F01006C8B8A /* Location.swift */ = {isa = PBXFileReference; lastKnownFileType = sourcecode.swift; path = Location.swift; sourceTree = "<group>"; };
		5F81FE7D290A1FF7006C8B8A /* LocationService.swift */ = {isa = PBXFileReference; lastKnownFileType = sourcecode.swift; path = LocationService.swift; sourceTree = "<group>"; };
		5F81FE80290A27EC006C8B8A /* locations.json */ = {isa = PBXFileReference; lastKnownFileType = text.json; path = locations.json; sourceTree = "<group>"; };
		5F81FE81290A3057006C8B8A /* RideQuote.swift */ = {isa = PBXFileReference; lastKnownFileType = sourcecode.swift; path = RideQuote.swift; sourceTree = "<group>"; };
		5F81FE83290A30DF006C8B8A /* RideQuoteService.swift */ = {isa = PBXFileReference; lastKnownFileType = sourcecode.swift; path = RideQuoteService.swift; sourceTree = "<group>"; };
		5F81FE8D290A5EE3006C8B8A /* HomeViewController.swift */ = {isa = PBXFileReference; lastKnownFileType = sourcecode.swift; path = HomeViewController.swift; sourceTree = "<group>"; };
		5F81FE8F290A661A006C8B8A /* LocationCell.swift */ = {isa = PBXFileReference; lastKnownFileType = sourcecode.swift; path = LocationCell.swift; sourceTree = "<group>"; };
		5F81FE92290B7461006C8B8A /* VehicleAnnotation.swift */ = {isa = PBXFileReference; lastKnownFileType = sourcecode.swift; path = VehicleAnnotation.swift; sourceTree = "<group>"; };
		5F81FE94290B8B29006C8B8A /* LocationViewController.swift */ = {isa = PBXFileReference; lastKnownFileType = sourcecode.swift; path = LocationViewController.swift; sourceTree = "<group>"; };
		5FCA660E29137990005BBC24 /* RideQuoteCell.swift */ = {isa = PBXFileReference; lastKnownFileType = sourcecode.swift; path = RideQuoteCell.swift; sourceTree = "<group>"; };
		5FCA66102913825A005BBC24 /* RouteViewController.swift */ = {isa = PBXFileReference; lastKnownFileType = sourcecode.swift; path = RouteViewController.swift; sourceTree = "<group>"; };
		5FCA661229139BFA005BBC24 /* LocationAnnotation.swift */ = {isa = PBXFileReference; lastKnownFileType = sourcecode.swift; path = LocationAnnotation.swift; sourceTree = "<group>"; };
		5FCA661429188B95005BBC24 /* Driver.swift */ = {isa = PBXFileReference; lastKnownFileType = sourcecode.swift; path = Driver.swift; sourceTree = "<group>"; };
		5FCA661629188C00005BBC24 /* DriverService.swift */ = {isa = PBXFileReference; lastKnownFileType = sourcecode.swift; path = DriverService.swift; sourceTree = "<group>"; };
		5FCA66182919F237005BBC24 /* DriverViewController.swift */ = {isa = PBXFileReference; lastKnownFileType = sourcecode.swift; path = DriverViewController.swift; sourceTree = "<group>"; };
/* End PBXFileReference section */

/* Begin PBXFrameworksBuildPhase section */
		5F81FE5D290A1E39006C8B8A /* Frameworks */ = {
			isa = PBXFrameworksBuildPhase;
			buildActionMask = 2147483647;
			files = (
			);
			runOnlyForDeploymentPostprocessing = 0;
		};
/* End PBXFrameworksBuildPhase section */

/* Begin PBXGroup section */
		5F81FE57290A1E39006C8B8A = {
			isa = PBXGroup;
			children = (
				5F81FE62290A1E39006C8B8A /* LyftClone */,
				5F81FE61290A1E39006C8B8A /* Products */,
			);
			sourceTree = "<group>";
		};
		5F81FE61290A1E39006C8B8A /* Products */ = {
			isa = PBXGroup;
			children = (
				5F81FE60290A1E39006C8B8A /* LyftClone.app */,
			);
			name = Products;
			sourceTree = "<group>";
		};
		5F81FE62290A1E39006C8B8A /* LyftClone */ = {
			isa = PBXGroup;
			children = (
				5F81FE79290A1E5B006C8B8A /* Model */,
				5F81FE78290A1E55006C8B8A /* View */,
				5F81FE77290A1E48006C8B8A /* Controller */,
				5F81FE7A290A1E8B006C8B8A /* Supporting Files */,
				5F81FE6C290A1E3C006C8B8A /* Assets.xcassets */,
				5F81FE6E290A1E3C006C8B8A /* LaunchScreen.storyboard */,
				5F81FE71290A1E3C006C8B8A /* Info.plist */,
			);
			path = LyftClone;
			sourceTree = "<group>";
		};
		5F81FE77290A1E48006C8B8A /* Controller */ = {
			isa = PBXGroup;
			children = (
				5F81FE8D290A5EE3006C8B8A /* HomeViewController.swift */,
				5F81FE94290B8B29006C8B8A /* LocationViewController.swift */,
				5FCA66102913825A005BBC24 /* RouteViewController.swift */,
				5FCA66182919F237005BBC24 /* DriverViewController.swift */,
			);
			path = Controller;
			sourceTree = "<group>";
		};
		5F81FE78290A1E55006C8B8A /* View */ = {
			isa = PBXGroup;
			children = (
				5F81FE69290A1E39006C8B8A /* Main.storyboard */,
				5F81FE8F290A661A006C8B8A /* LocationCell.swift */,
				5FCA660E29137990005BBC24 /* RideQuoteCell.swift */,
			);
			path = View;
			sourceTree = "<group>";
		};
		5F81FE79290A1E5B006C8B8A /* Model */ = {
			isa = PBXGroup;
			children = (
				5F81FE7B290A1F01006C8B8A /* Location.swift */,
				5F81FE81290A3057006C8B8A /* RideQuote.swift */,
				5F81FE92290B7461006C8B8A /* VehicleAnnotation.swift */,
				5FCA661229139BFA005BBC24 /* LocationAnnotation.swift */,
				5FCA661429188B95005BBC24 /* Driver.swift */,
				5F81FE7F290A2004006C8B8A /* Service */,
			);
			path = Model;
			sourceTree = "<group>";
		};
		5F81FE7A290A1E8B006C8B8A /* Supporting Files */ = {
			isa = PBXGroup;
			children = (
				5F81FE80290A27EC006C8B8A /* locations.json */,
				5F81FE63290A1E39006C8B8A /* AppDelegate.swift */,
				5F81FE65290A1E39006C8B8A /* SceneDelegate.swift */,
			);
			path = "Supporting Files";
			sourceTree = "<group>";
		};
		5F81FE7F290A2004006C8B8A /* Service */ = {
			isa = PBXGroup;
			children = (
				5F81FE7D290A1FF7006C8B8A /* LocationService.swift */,
				5F81FE83290A30DF006C8B8A /* RideQuoteService.swift */,
				5FCA661629188C00005BBC24 /* DriverService.swift */,
			);
			path = Service;
			sourceTree = "<group>";
		};
/* End PBXGroup section */

/* Begin PBXNativeTarget section */
		5F81FE5F290A1E39006C8B8A /* LyftClone */ = {
			isa = PBXNativeTarget;
			buildConfigurationList = 5F81FE74290A1E3C006C8B8A /* Build configuration list for PBXNativeTarget "LyftClone" */;
			buildPhases = (
				5F81FE5C290A1E39006C8B8A /* Sources */,
				5F81FE5D290A1E39006C8B8A /* Frameworks */,
				5F81FE5E290A1E39006C8B8A /* Resources */,
			);
			buildRules = (
			);
			dependencies = (
			);
			name = LyftClone;
			productName = LyftClone;
			productReference = 5F81FE60290A1E39006C8B8A /* LyftClone.app */;
			productType = "com.apple.product-type.application";
		};
/* End PBXNativeTarget section */

/* Begin PBXProject section */
		5F81FE58290A1E39006C8B8A /* Project object */ = {
			isa = PBXProject;
			attributes = {
				BuildIndependentTargetsInParallel = 1;
				LastSwiftUpdateCheck = 1400;
				LastUpgradeCheck = 1400;
				TargetAttributes = {
					5F81FE5F290A1E39006C8B8A = {
						CreatedOnToolsVersion = 14.0.1;
					};
				};
			};
			buildConfigurationList = 5F81FE5B290A1E39006C8B8A /* Build configuration list for PBXProject "LyftClone" */;
			compatibilityVersion = "Xcode 14.0";
			developmentRegion = en;
			hasScannedForEncodings = 0;
			knownRegions = (
				en,
				Base,
			);
			mainGroup = 5F81FE57290A1E39006C8B8A;
			productRefGroup = 5F81FE61290A1E39006C8B8A /* Products */;
			projectDirPath = "";
			projectRoot = "";
			targets = (
				5F81FE5F290A1E39006C8B8A /* LyftClone */,
			);
		};
/* End PBXProject section */

/* Begin PBXResourcesBuildPhase section */
		5F81FE5E290A1E39006C8B8A /* Resources */ = {
			isa = PBXResourcesBuildPhase;
			buildActionMask = 2147483647;
			files = (
				5F81FE70290A1E3C006C8B8A /* LaunchScreen.storyboard in Resources */,
				5F81FE6D290A1E3C006C8B8A /* Assets.xcassets in Resources */,
				5F81FE91290A6E01006C8B8A /* locations.json in Resources */,
				5F81FE6B290A1E39006C8B8A /* Main.storyboard in Resources */,
			);
			runOnlyForDeploymentPostprocessing = 0;
		};
/* End PBXResourcesBuildPhase section */

/* Begin PBXSourcesBuildPhase section */
		5F81FE5C290A1E39006C8B8A /* Sources */ = {
			isa = PBXSourcesBuildPhase;
			buildActionMask = 2147483647;
			files = (
				5FCA66192919F237005BBC24 /* DriverViewController.swift in Sources */,
				5FCA660F29137990005BBC24 /* RideQuoteCell.swift in Sources */,
				5FCA661529188B95005BBC24 /* Driver.swift in Sources */,
				5FCA661329139BFA005BBC24 /* LocationAnnotation.swift in Sources */,
				5F81FE84290A30DF006C8B8A /* RideQuoteService.swift in Sources */,
				5FCA66112913825A005BBC24 /* RouteViewController.swift in Sources */,
				5F81FE64290A1E39006C8B8A /* AppDelegate.swift in Sources */,
				5F81FE7C290A1F01006C8B8A /* Location.swift in Sources */,
				5F81FE7E290A1FF7006C8B8A /* LocationService.swift in Sources */,
				5F81FE82290A3057006C8B8A /* RideQuote.swift in Sources */,
				5F81FE95290B8B29006C8B8A /* LocationViewController.swift in Sources */,
				5FCA661729188C00005BBC24 /* DriverService.swift in Sources */,
				5F81FE8E290A5EE3006C8B8A /* HomeViewController.swift in Sources */,
				5F81FE93290B7461006C8B8A /* VehicleAnnotation.swift in Sources */,
				5F81FE90290A661A006C8B8A /* LocationCell.swift in Sources */,
				5F81FE66290A1E39006C8B8A /* SceneDelegate.swift in Sources */,
			);
			runOnlyForDeploymentPostprocessing = 0;
		};
/* End PBXSourcesBuildPhase section */

/* Begin PBXVariantGroup section */
		5F81FE69290A1E39006C8B8A /* Main.storyboard */ = {
			isa = PBXVariantGroup;
			children = (
				5F81FE6A290A1E39006C8B8A /* Base */,
			);
			name = Main.storyboard;
			sourceTree = "<group>";
		};
		5F81FE6E290A1E3C006C8B8A /* LaunchScreen.storyboard */ = {
			isa = PBXVariantGroup;
			children = (
				5F81FE6F290A1E3C006C8B8A /* Base */,
			);
			name = LaunchScreen.storyboard;
			sourceTree = "<group>";
		};
/* End PBXVariantGroup section */

/* Begin XCBuildConfiguration section */
		5F81FE72290A1E3C006C8B8A /* Debug */ = {
			isa = XCBuildConfiguration;
			buildSettings = {
				ALWAYS_SEARCH_USER_PATHS = NO;
				CLANG_ANALYZER_NONNULL = YES;
				CLANG_ANALYZER_NUMBER_OBJECT_CONVERSION = YES_AGGRESSIVE;
				CLANG_CXX_LANGUAGE_STANDARD = "gnu++20";
				CLANG_ENABLE_MODULES = YES;
				CLANG_ENABLE_OBJC_ARC = YES;
				CLANG_ENABLE_OBJC_WEAK = YES;
				CLANG_WARN_BLOCK_CAPTURE_AUTORELEASING = YES;
				CLANG_WARN_BOOL_CONVERSION = YES;
				CLANG_WARN_COMMA = YES;
				CLANG_WARN_CONSTANT_CONVERSION = YES;
				CLANG_WARN_DEPRECATED_OBJC_IMPLEMENTATIONS = YES;
				CLANG_WARN_DIRECT_OBJC_ISA_USAGE = YES_ERROR;
				CLANG_WARN_DOCUMENTATION_COMMENTS = YES;
				CLANG_WARN_EMPTY_BODY = YES;
				CLANG_WARN_ENUM_CONVERSION = YES;
				CLANG_WARN_INFINITE_RECURSION = YES;
				CLANG_WARN_INT_CONVERSION = YES;
				CLANG_WARN_NON_LITERAL_NULL_CONVERSION = YES;
				CLANG_WARN_OBJC_IMPLICIT_RETAIN_SELF = YES;
				CLANG_WARN_OBJC_LITERAL_CONVERSION = YES;
				CLANG_WARN_OBJC_ROOT_CLASS = YES_ERROR;
				CLANG_WARN_QUOTED_INCLUDE_IN_FRAMEWORK_HEADER = YES;
				CLANG_WARN_RANGE_LOOP_ANALYSIS = YES;
				CLANG_WARN_STRICT_PROTOTYPES = YES;
				CLANG_WARN_SUSPICIOUS_MOVE = YES;
				CLANG_WARN_UNGUARDED_AVAILABILITY = YES_AGGRESSIVE;
				CLANG_WARN_UNREACHABLE_CODE = YES;
				CLANG_WARN__DUPLICATE_METHOD_MATCH = YES;
				COPY_PHASE_STRIP = NO;
				DEBUG_INFORMATION_FORMAT = dwarf;
				ENABLE_STRICT_OBJC_MSGSEND = YES;
				ENABLE_TESTABILITY = YES;
				GCC_C_LANGUAGE_STANDARD = gnu11;
				GCC_DYNAMIC_NO_PIC = NO;
				GCC_NO_COMMON_BLOCKS = YES;
				GCC_OPTIMIZATION_LEVEL = 0;
				GCC_PREPROCESSOR_DEFINITIONS = (
					"DEBUG=1",
					"$(inherited)",
				);
				GCC_WARN_64_TO_32_BIT_CONVERSION = YES;
				GCC_WARN_ABOUT_RETURN_TYPE = YES_ERROR;
				GCC_WARN_UNDECLARED_SELECTOR = YES;
				GCC_WARN_UNINITIALIZED_AUTOS = YES_AGGRESSIVE;
				GCC_WARN_UNUSED_FUNCTION = YES;
				GCC_WARN_UNUSED_VARIABLE = YES;
				IPHONEOS_DEPLOYMENT_TARGET = 16.0;
				MTL_ENABLE_DEBUG_INFO = INCLUDE_SOURCE;
				MTL_FAST_MATH = YES;
				ONLY_ACTIVE_ARCH = YES;
				SDKROOT = iphoneos;
				SWIFT_ACTIVE_COMPILATION_CONDITIONS = DEBUG;
				SWIFT_OPTIMIZATION_LEVEL = "-Onone";
			};
			name = Debug;
		};
		5F81FE73290A1E3C006C8B8A /* Release */ = {
			isa = XCBuildConfiguration;
			buildSettings = {
				ALWAYS_SEARCH_USER_PATHS = NO;
				CLANG_ANALYZER_NONNULL = YES;
				CLANG_ANALYZER_NUMBER_OBJECT_CONVERSION = YES_AGGRESSIVE;
				CLANG_CXX_LANGUAGE_STANDARD = "gnu++20";
				CLANG_ENABLE_MODULES = YES;
				CLANG_ENABLE_OBJC_ARC = YES;
				CLANG_ENABLE_OBJC_WEAK = YES;
				CLANG_WARN_BLOCK_CAPTURE_AUTORELEASING = YES;
				CLANG_WARN_BOOL_CONVERSION = YES;
				CLANG_WARN_COMMA = YES;
				CLANG_WARN_CONSTANT_CONVERSION = YES;
				CLANG_WARN_DEPRECATED_OBJC_IMPLEMENTATIONS = YES;
				CLANG_WARN_DIRECT_OBJC_ISA_USAGE = YES_ERROR;
				CLANG_WARN_DOCUMENTATION_COMMENTS = YES;
				CLANG_WARN_EMPTY_BODY = YES;
				CLANG_WARN_ENUM_CONVERSION = YES;
				CLANG_WARN_INFINITE_RECURSION = YES;
				CLANG_WARN_INT_CONVERSION = YES;
				CLANG_WARN_NON_LITERAL_NULL_CONVERSION = YES;
				CLANG_WARN_OBJC_IMPLICIT_RETAIN_SELF = YES;
				CLANG_WARN_OBJC_LITERAL_CONVERSION = YES;
				CLANG_WARN_OBJC_ROOT_CLASS = YES_ERROR;
				CLANG_WARN_QUOTED_INCLUDE_IN_FRAMEWORK_HEADER = YES;
				CLANG_WARN_RANGE_LOOP_ANALYSIS = YES;
				CLANG_WARN_STRICT_PROTOTYPES = YES;
				CLANG_WARN_SUSPICIOUS_MOVE = YES;
				CLANG_WARN_UNGUARDED_AVAILABILITY = YES_AGGRESSIVE;
				CLANG_WARN_UNREACHABLE_CODE = YES;
				CLANG_WARN__DUPLICATE_METHOD_MATCH = YES;
				COPY_PHASE_STRIP = NO;
				DEBUG_INFORMATION_FORMAT = "dwarf-with-dsym";
				ENABLE_NS_ASSERTIONS = NO;
				ENABLE_STRICT_OBJC_MSGSEND = YES;
				GCC_C_LANGUAGE_STANDARD = gnu11;
				GCC_NO_COMMON_BLOCKS = YES;
				GCC_WARN_64_TO_32_BIT_CONVERSION = YES;
				GCC_WARN_ABOUT_RETURN_TYPE = YES_ERROR;
				GCC_WARN_UNDECLARED_SELECTOR = YES;
				GCC_WARN_UNINITIALIZED_AUTOS = YES_AGGRESSIVE;
				GCC_WARN_UNUSED_FUNCTION = YES;
				GCC_WARN_UNUSED_VARIABLE = YES;
				IPHONEOS_DEPLOYMENT_TARGET = 16.0;
				MTL_ENABLE_DEBUG_INFO = NO;
				MTL_FAST_MATH = YES;
				SDKROOT = iphoneos;
				SWIFT_COMPILATION_MODE = wholemodule;
				SWIFT_OPTIMIZATION_LEVEL = "-O";
				VALIDATE_PRODUCT = YES;
			};
			name = Release;
		};
		5F81FE75290A1E3C006C8B8A /* Debug */ = {
			isa = XCBuildConfiguration;
			buildSettings = {
				ASSETCATALOG_COMPILER_APPICON_NAME = AppIcon;
				ASSETCATALOG_COMPILER_GLOBAL_ACCENT_COLOR_NAME = AccentColor;
				CODE_SIGN_STYLE = Automatic;
				CURRENT_PROJECT_VERSION = 1;
				GENERATE_INFOPLIST_FILE = YES;
				INFOPLIST_FILE = LyftClone/Info.plist;
				INFOPLIST_KEY_UIApplicationSupportsIndirectInputEvents = YES;
				INFOPLIST_KEY_UILaunchStoryboardName = LaunchScreen;
				INFOPLIST_KEY_UIMainStoryboardFile = Main;
				INFOPLIST_KEY_UISupportedInterfaceOrientations_iPad = "UIInterfaceOrientationPortrait UIInterfaceOrientationPortraitUpsideDown UIInterfaceOrientationLandscapeLeft UIInterfaceOrientationLandscapeRight";
				INFOPLIST_KEY_UISupportedInterfaceOrientations_iPhone = "UIInterfaceOrientationPortrait UIInterfaceOrientationLandscapeLeft UIInterfaceOrientationLandscapeRight";
				LD_RUNPATH_SEARCH_PATHS = (
					"$(inherited)",
					"@executable_path/Frameworks",
				);
				MARKETING_VERSION = 1.0;
				PRODUCT_BUNDLE_IDENTIFIER = au.edu.rmit.s3705344.LyftClone;
				PRODUCT_NAME = "$(TARGET_NAME)";
				SWIFT_EMIT_LOC_STRINGS = YES;
				SWIFT_VERSION = 5.0;
				TARGETED_DEVICE_FAMILY = "1,2";
			};
			name = Debug;
		};
		5F81FE76290A1E3C006C8B8A /* Release */ = {
			isa = XCBuildConfiguration;
			buildSettings = {
				ASSETCATALOG_COMPILER_APPICON_NAME = AppIcon;
				ASSETCATALOG_COMPILER_GLOBAL_ACCENT_COLOR_NAME = AccentColor;
				CODE_SIGN_STYLE = Automatic;
				CURRENT_PROJECT_VERSION = 1;
				GENERATE_INFOPLIST_FILE = YES;
				INFOPLIST_FILE = LyftClone/Info.plist;
				INFOPLIST_KEY_UIApplicationSupportsIndirectInputEvents = YES;
				INFOPLIST_KEY_UILaunchStoryboardName = LaunchScreen;
				INFOPLIST_KEY_UIMainStoryboardFile = Main;
				INFOPLIST_KEY_UISupportedInterfaceOrientations_iPad = "UIInterfaceOrientationPortrait UIInterfaceOrientationPortraitUpsideDown UIInterfaceOrientationLandscapeLeft UIInterfaceOrientationLandscapeRight";
				INFOPLIST_KEY_UISupportedInterfaceOrientations_iPhone = "UIInterfaceOrientationPortrait UIInterfaceOrientationLandscapeLeft UIInterfaceOrientationLandscapeRight";
				LD_RUNPATH_SEARCH_PATHS = (
					"$(inherited)",
					"@executable_path/Frameworks",
				);
				MARKETING_VERSION = 1.0;
				PRODUCT_BUNDLE_IDENTIFIER = au.edu.rmit.s3705344.LyftClone;
				PRODUCT_NAME = "$(TARGET_NAME)";
				SWIFT_EMIT_LOC_STRINGS = YES;
				SWIFT_VERSION = 5.0;
				TARGETED_DEVICE_FAMILY = "1,2";
			};
			name = Release;
		};
/* End XCBuildConfiguration section */

/* Begin XCConfigurationList section */
		5F81FE5B290A1E39006C8B8A /* Build configuration list for PBXProject "LyftClone" */ = {
			isa = XCConfigurationList;
			buildConfigurations = (
				5F81FE72290A1E3C006C8B8A /* Debug */,
				5F81FE73290A1E3C006C8B8A /* Release */,
			);
			defaultConfigurationIsVisible = 0;
			defaultConfigurationName = Release;
		};
		5F81FE74290A1E3C006C8B8A /* Build configuration list for PBXNativeTarget "LyftClone" */ = {
			isa = XCConfigurationList;
			buildConfigurations = (
				5F81FE75290A1E3C006C8B8A /* Debug */,
				5F81FE76290A1E3C006C8B8A /* Release */,
			);
			defaultConfigurationIsVisible = 0;
			defaultConfigurationName = Release;
		};
/* End XCConfigurationList section */
	};
	rootObject = 5F81FE58290A1E39006C8B8A /* Project object */;
}
